
Microsoft Visual Studio Solution File, Format Version 12.00
# Visual Studio Version 16
VisualStudioVersion = 16.0.29215.179
MinimumVisualStudioVersion = 10.0.40219.1
Project("{FAE04EC0-301F-11D3-BF4B-00C04F79EFBC}") = "GameLiftRealtimeClientSdkNet45", "GameLiftRealtimeClientSdkNet45\GameLiftRealtimeClientSdkNet45.csproj", "{2DEA4675-487B-43A2-B431-8B2BDA8E61B6}"
EndProject
Global
	GlobalSection(SolutionConfigurationPlatforms) = preSolution
		Debug|Any CPU = Debug|Any CPU
		Release|Any CPU = Release|Any CPU
	EndGlobalSection
	GlobalSection(ProjectConfigurationPlatforms) = postSolution
		{2DEA4675-487B-43A2-B431-8B2BDA8E61B6}.Debug|Any CPU.ActiveCfg = Debug|Any CPU
		{2DEA4675-487B-43A2-B431-8B2BDA8E61B6}.Debug|Any CPU.Build.0 = Debug|Any CPU
		{2DEA4675-487B-43A2-B431-8B2BDA8E61B6}.Release|Any CPU.ActiveCfg = Release|Any CPU
		{2DEA4675-487B-43A2-B431-8B2BDA8E61B6}.Release|Any CPU.Build.0 = Release|Any CPU
	EndGlobalSection
	GlobalSection(SolutionProperties) = preSolution
		HideSolutionNode = FALSE
	EndGlobalSection
	GlobalSection(ExtensibilityGlobals) = postSolution
		SolutionGuid = {1437159C-612B-4C3D-8109-EF3C67671545}
	EndGlobalSection
EndGlobal
